
Microsoft Visual Studio Solution File, Format Version 12.00
# Visual Studio Version 17
VisualStudioVersion = 17.8.34309.116
MinimumVisualStudioVersion = 10.0.40219.1
Project("{2150E333-8FDC-42A3-9474-1A3956D46DE8}") = "Domain", "Domain", "{527FC71A-FA82-4E33-B0F1-7958D9057EF2}"
EndProject
Project("{2150E333-8FDC-42A3-9474-1A3956D46DE8}") = "src", "src", "{580C23E6-D62F-4191-84D3-364FF4796AC7}"
EndProject
Project("{9A19103F-16F7-4668-BE54-9A1E7A4F7556}") = "Domain.Entities", "Domain.Entities\Domain.Entities.csproj", "{7BB69068-6B35-46DD-8B04-089841A2CFB5}"
EndProject
Project("{2150E333-8FDC-42A3-9474-1A3956D46DE8}") = "Gateways", "Gateways", "{85CE52D6-7A48-44BF-A8FA-21EFFBCB48D3}"
EndProject
Project("{9A19103F-16F7-4668-BE54-9A1E7A4F7556}") = "Gateway.RepositoryEFCore", "Gateway.RepositoryEFCore\Gateway.RepositoryEFCore.csproj", "{BB795435-B82D-45FE-B475-BC3C958781A5}"
EndProject
Project("{2150E333-8FDC-42A3-9474-1A3956D46DE8}") = "Application", "Application", "{27015380-A9B5-4C73-8D6B-3999F45E39D0}"
EndProject
Project("{9A19103F-16F7-4668-BE54-9A1E7A4F7556}") = "Application.DTOs", "Application.DTOs\Application.DTOs.csproj", "{410F3AD6-D9EF-4088-B174-E6DC46FBAA8D}"
EndProject
Project("{9A19103F-16F7-4668-BE54-9A1E7A4F7556}") = "Application.UseCasePorts", "Application.UseCasePorts\Application.UseCasePorts.csproj", "{C1087C8E-8881-4539-ABEE-F3DC94A98F4E}"
EndProject
Project("{9A19103F-16F7-4668-BE54-9A1E7A4F7556}") = "Application.UseCases", "Application.UseCases\Application.UseCases.csproj", "{E55B1E3A-CF6F-4C88-B5FF-881AF656AC0F}"
EndProject
Project("{2150E333-8FDC-42A3-9474-1A3956D46DE8}") = "Presenters", "Presenters", "{90910E81-FD99-4275-B316-E176F0D10948}"
EndProject
Project("{9A19103F-16F7-4668-BE54-9A1E7A4F7556}") = "JFMSystems.Presenters", "JFMSystems.Presenters\JFMSystems.Presenters.csproj", "{6A5CF41A-4EF1-4416-B8D8-FF80FCB5EC33}"
EndProject
Project("{2150E333-8FDC-42A3-9474-1A3956D46DE8}") = "Adapters", "Adapters", "{C1101DCB-E4ED-4054-B647-6295B1A0C952}"
EndProject
Project("{2150E333-8FDC-42A3-9474-1A3956D46DE8}") = "Controllers", "Controllers", "{0FCC757B-DA62-42FC-8BE4-6CE1B2B70FD6}"
EndProject
Project("{9A19103F-16F7-4668-BE54-9A1E7A4F7556}") = "JFMSystems.Controllers", "JFMSystems.Controllers\JFMSystems.Controllers.csproj", "{A644702D-8E1A-467F-94E3-85EE65E49466}"
EndProject
Project("{9A19103F-16F7-4668-BE54-9A1E7A4F7556}") = "JFMSystems.IoC", "JFMSystems.IoC\JFMSystems.IoC.csproj", "{3D545A68-6EB1-4C0F-BB8D-021190E0072F}"
EndProject
Project("{2150E333-8FDC-42A3-9474-1A3956D46DE8}") = "Frameworks", "Frameworks", "{FE75DB27-7948-4765-BD6C-B4EEC4A46B39}"
EndProject
Project("{2150E333-8FDC-42A3-9474-1A3956D46DE8}") = "UIs", "UIs", "{C6A1B0A6-0A08-49BA-8B87-7CB2DAE7852A}"
EndProject
Project("{FAE04EC0-301F-11D3-BF4B-00C04F79EFBC}") = "JFMSystems.WebAPI", "JFMSystems.WebAPI\JFMSystems.WebAPI.csproj", "{F4EADB6C-0462-4B47-AB47-78B12A038A27}"
EndProject
Global
	GlobalSection(SolutionConfigurationPlatforms) = preSolution
		Debug|Any CPU = Debug|Any CPU
		Release|Any CPU = Release|Any CPU
	EndGlobalSection
	GlobalSection(ProjectConfigurationPlatforms) = postSolution
		{7BB69068-6B35-46DD-8B04-089841A2CFB5}.Debug|Any CPU.ActiveCfg = Debug|Any CPU
		{7BB69068-6B35-46DD-8B04-089841A2CFB5}.Debug|Any CPU.Build.0 = Debug|Any CPU
		{7BB69068-6B35-46DD-8B04-089841A2CFB5}.Release|Any CPU.ActiveCfg = Release|Any CPU
		{7BB69068-6B35-46DD-8B04-089841A2CFB5}.Release|Any CPU.Build.0 = Release|Any CPU
		{BB795435-B82D-45FE-B475-BC3C958781A5}.Debug|Any CPU.ActiveCfg = Debug|Any CPU
		{BB795435-B82D-45FE-B475-BC3C958781A5}.Debug|Any CPU.Build.0 = Debug|Any CPU
		{BB795435-B82D-45FE-B475-BC3C958781A5}.Release|Any CPU.ActiveCfg = Release|Any CPU
		{BB795435-B82D-45FE-B475-BC3C958781A5}.Release|Any CPU.Build.0 = Release|Any CPU
		{410F3AD6-D9EF-4088-B174-E6DC46FBAA8D}.Debug|Any CPU.ActiveCfg = Debug|Any CPU
		{410F3AD6-D9EF-4088-B174-E6DC46FBAA8D}.Debug|Any CPU.Build.0 = Debug|Any CPU
		{410F3AD6-D9EF-4088-B174-E6DC46FBAA8D}.Release|Any CPU.ActiveCfg = Release|Any CPU
		{410F3AD6-D9EF-4088-B174-E6DC46FBAA8D}.Release|Any CPU.Build.0 = Release|Any CPU
		{C1087C8E-8881-4539-ABEE-F3DC94A98F4E}.Debug|Any CPU.ActiveCfg = Debug|Any CPU
		{C1087C8E-8881-4539-ABEE-F3DC94A98F4E}.Debug|Any CPU.Build.0 = Debug|Any CPU
		{C1087C8E-8881-4539-ABEE-F3DC94A98F4E}.Release|Any CPU.ActiveCfg = Release|Any CPU
		{C1087C8E-8881-4539-ABEE-F3DC94A98F4E}.Release|Any CPU.Build.0 = Release|Any CPU
		{E55B1E3A-CF6F-4C88-B5FF-881AF656AC0F}.Debug|Any CPU.ActiveCfg = Debug|Any CPU
		{E55B1E3A-CF6F-4C88-B5FF-881AF656AC0F}.Debug|Any CPU.Build.0 = Debug|Any CPU
		{E55B1E3A-CF6F-4C88-B5FF-881AF656AC0F}.Release|Any CPU.ActiveCfg = Release|Any CPU
		{E55B1E3A-CF6F-4C88-B5FF-881AF656AC0F}.Release|Any CPU.Build.0 = Release|Any CPU
		{6A5CF41A-4EF1-4416-B8D8-FF80FCB5EC33}.Debug|Any CPU.ActiveCfg = Debug|Any CPU
		{6A5CF41A-4EF1-4416-B8D8-FF80FCB5EC33}.Debug|Any CPU.Build.0 = Debug|Any CPU
		{6A5CF41A-4EF1-4416-B8D8-FF80FCB5EC33}.Release|Any CPU.ActiveCfg = Release|Any CPU
		{6A5CF41A-4EF1-4416-B8D8-FF80FCB5EC33}.Release|Any CPU.Build.0 = Release|Any CPU
		{A644702D-8E1A-467F-94E3-85EE65E49466}.Debug|Any CPU.ActiveCfg = Debug|Any CPU
		{A644702D-8E1A-467F-94E3-85EE65E49466}.Debug|Any CPU.Build.0 = Debug|Any CPU
		{A644702D-8E1A-467F-94E3-85EE65E49466}.Release|Any CPU.ActiveCfg = Release|Any CPU
		{A644702D-8E1A-467F-94E3-85EE65E49466}.Release|Any CPU.Build.0 = Release|Any CPU
		{3D545A68-6EB1-4C0F-BB8D-021190E0072F}.Debug|Any CPU.ActiveCfg = Debug|Any CPU
		{3D545A68-6EB1-4C0F-BB8D-021190E0072F}.Debug|Any CPU.Build.0 = Debug|Any CPU
		{3D545A68-6EB1-4C0F-BB8D-021190E0072F}.Release|Any CPU.ActiveCfg = Release|Any CPU
		{3D545A68-6EB1-4C0F-BB8D-021190E0072F}.Release|Any CPU.Build.0 = Release|Any CPU
		{F4EADB6C-0462-4B47-AB47-78B12A038A27}.Debug|Any CPU.ActiveCfg = Debug|Any CPU
		{F4EADB6C-0462-4B47-AB47-78B12A038A27}.Debug|Any CPU.Build.0 = Debug|Any CPU
		{F4EADB6C-0462-4B47-AB47-78B12A038A27}.Release|Any CPU.ActiveCfg = Release|Any CPU
		{F4EADB6C-0462-4B47-AB47-78B12A038A27}.Release|Any CPU.Build.0 = Release|Any CPU
	EndGlobalSection
	GlobalSection(SolutionProperties) = preSolution
		HideSolutionNode = FALSE
	EndGlobalSection
	GlobalSection(NestedProjects) = preSolution
		{527FC71A-FA82-4E33-B0F1-7958D9057EF2} = {580C23E6-D62F-4191-84D3-364FF4796AC7}
		{7BB69068-6B35-46DD-8B04-089841A2CFB5} = {527FC71A-FA82-4E33-B0F1-7958D9057EF2}
		{85CE52D6-7A48-44BF-A8FA-21EFFBCB48D3} = {C1101DCB-E4ED-4054-B647-6295B1A0C952}
		{BB795435-B82D-45FE-B475-BC3C958781A5} = {85CE52D6-7A48-44BF-A8FA-21EFFBCB48D3}
		{27015380-A9B5-4C73-8D6B-3999F45E39D0} = {580C23E6-D62F-4191-84D3-364FF4796AC7}
		{410F3AD6-D9EF-4088-B174-E6DC46FBAA8D} = {27015380-A9B5-4C73-8D6B-3999F45E39D0}
		{C1087C8E-8881-4539-ABEE-F3DC94A98F4E} = {27015380-A9B5-4C73-8D6B-3999F45E39D0}
		{E55B1E3A-CF6F-4C88-B5FF-881AF656AC0F} = {27015380-A9B5-4C73-8D6B-3999F45E39D0}
		{90910E81-FD99-4275-B316-E176F0D10948} = {C1101DCB-E4ED-4054-B647-6295B1A0C952}
		{6A5CF41A-4EF1-4416-B8D8-FF80FCB5EC33} = {90910E81-FD99-4275-B316-E176F0D10948}
		{C1101DCB-E4ED-4054-B647-6295B1A0C952} = {580C23E6-D62F-4191-84D3-364FF4796AC7}
		{0FCC757B-DA62-42FC-8BE4-6CE1B2B70FD6} = {C1101DCB-E4ED-4054-B647-6295B1A0C952}
		{A644702D-8E1A-467F-94E3-85EE65E49466} = {0FCC757B-DA62-42FC-8BE4-6CE1B2B70FD6}
		{3D545A68-6EB1-4C0F-BB8D-021190E0072F} = {85CE52D6-7A48-44BF-A8FA-21EFFBCB48D3}
		{FE75DB27-7948-4765-BD6C-B4EEC4A46B39} = {580C23E6-D62F-4191-84D3-364FF4796AC7}
		{C6A1B0A6-0A08-49BA-8B87-7CB2DAE7852A} = {FE75DB27-7948-4765-BD6C-B4EEC4A46B39}
		{F4EADB6C-0462-4B47-AB47-78B12A038A27} = {C6A1B0A6-0A08-49BA-8B87-7CB2DAE7852A}
	EndGlobalSection
	GlobalSection(ExtensibilityGlobals) = postSolution
		SolutionGuid = {A8821D67-0FA0-4AEB-83A8-D7DF72B06DC9}
	EndGlobalSection
EndGlobal
